// !$*UTF8*$!
{
	archiveVersion = 1;
	classes = {
	};
	objectVersion = 54;
	objects = {

/* Begin PBXBuildFile section */
		3EF7561621C1B1E1D8950ACE /* Pods_WeatherlyTests.framework in Frameworks */ = {isa = PBXBuildFile; fileRef = 9C023AB588B50B30AE54FDE3 /* Pods_WeatherlyTests.framework */; };
		BA592D4F1AD792FE6E7D8C6C /* Pods_Weatherly.framework in Frameworks */ = {isa = PBXBuildFile; fileRef = 067C254971421846DD203812 /* Pods_Weatherly.framework */; };
		D463B25F29DC70630039BF88 /* MainView.swift in Sources */ = {isa = PBXBuildFile; fileRef = D463B25E29DC70630039BF88 /* MainView.swift */; };
		D463B26129DC708B0039BF88 /* MainViewController.swift in Sources */ = {isa = PBXBuildFile; fileRef = D463B26029DC708B0039BF88 /* MainViewController.swift */; };
		D4970D7329E6C1E2009B0EFF /* CoreLocationController.swift in Sources */ = {isa = PBXBuildFile; fileRef = D4970D7229E6C1E2009B0EFF /* CoreLocationController.swift */; };
		D4ED05CC29D6F67E00027A01 /* AppDelegate.swift in Sources */ = {isa = PBXBuildFile; fileRef = D4ED05CB29D6F67E00027A01 /* AppDelegate.swift */; };
		D4ED05CE29D6F67E00027A01 /* SceneDelegate.swift in Sources */ = {isa = PBXBuildFile; fileRef = D4ED05CD29D6F67E00027A01 /* SceneDelegate.swift */; };
		D4ED05D529D6F68000027A01 /* Assets.xcassets in Resources */ = {isa = PBXBuildFile; fileRef = D4ED05D429D6F68000027A01 /* Assets.xcassets */; };
		D4ED05D829D6F68000027A01 /* LaunchScreen.storyboard in Resources */ = {isa = PBXBuildFile; fileRef = D4ED05D629D6F68000027A01 /* LaunchScreen.storyboard */; };
		D4ED05E329D6F68000027A01 /* WeatherlyTests.swift in Sources */ = {isa = PBXBuildFile; fileRef = D4ED05E229D6F68000027A01 /* WeatherlyTests.swift */; };
		D4ED05ED29D6F68000027A01 /* WeatherlyUITests.swift in Sources */ = {isa = PBXBuildFile; fileRef = D4ED05EC29D6F68000027A01 /* WeatherlyUITests.swift */; };
		D4ED05EF29D6F68000027A01 /* WeatherlyUITestsLaunchTests.swift in Sources */ = {isa = PBXBuildFile; fileRef = D4ED05EE29D6F68000027A01 /* WeatherlyUITestsLaunchTests.swift */; };
		D4F4E35F29E2CEB3009BFEDB /* NetworkController.swift in Sources */ = {isa = PBXBuildFile; fileRef = D4F4E35E29E2CEB3009BFEDB /* NetworkController.swift */; };
		D4F4E36129E2CEC5009BFEDB /* Weather.swift in Sources */ = {isa = PBXBuildFile; fileRef = D4F4E36029E2CEC5009BFEDB /* Weather.swift */; };
		D4F4E36829E57D28009BFEDB /* WeatherData.swift in Sources */ = {isa = PBXBuildFile; fileRef = D4F4E36729E57D28009BFEDB /* WeatherData.swift */; };
		D7A45715A993E5837949B183 /* Pods_Weatherly_WeatherlyUITests.framework in Frameworks */ = {isa = PBXBuildFile; fileRef = 2CD53CDA197C701C6393D4EC /* Pods_Weatherly_WeatherlyUITests.framework */; };
/* End PBXBuildFile section */

/* Begin PBXContainerItemProxy section */
		D4ED05DF29D6F68000027A01 /* PBXContainerItemProxy */ = {
			isa = PBXContainerItemProxy;
			containerPortal = D4ED05C029D6F67D00027A01 /* Project object */;
			proxyType = 1;
			remoteGlobalIDString = D4ED05C729D6F67E00027A01;
			remoteInfo = Weatherly;
		};
		D4ED05E929D6F68000027A01 /* PBXContainerItemProxy */ = {
			isa = PBXContainerItemProxy;
			containerPortal = D4ED05C029D6F67D00027A01 /* Project object */;
			proxyType = 1;
			remoteGlobalIDString = D4ED05C729D6F67E00027A01;
			remoteInfo = Weatherly;
		};
/* End PBXContainerItemProxy section */

/* Begin PBXFileReference section */
		067C254971421846DD203812 /* Pods_Weatherly.framework */ = {isa = PBXFileReference; explicitFileType = wrapper.framework; includeInIndex = 0; path = Pods_Weatherly.framework; sourceTree = BUILT_PRODUCTS_DIR; };
		0EC6416DB5B0D42F71186684 /* Pods-WeatherlyTests.debug.xcconfig */ = {isa = PBXFileReference; includeInIndex = 1; lastKnownFileType = text.xcconfig; name = "Pods-WeatherlyTests.debug.xcconfig"; path = "Target Support Files/Pods-WeatherlyTests/Pods-WeatherlyTests.debug.xcconfig"; sourceTree = "<group>"; };
		2CD53CDA197C701C6393D4EC /* Pods_Weatherly_WeatherlyUITests.framework */ = {isa = PBXFileReference; explicitFileType = wrapper.framework; includeInIndex = 0; path = Pods_Weatherly_WeatherlyUITests.framework; sourceTree = BUILT_PRODUCTS_DIR; };
		35D51AACCEDBA5A0B5978713 /* Pods-Weatherly-WeatherlyUITests.release.xcconfig */ = {isa = PBXFileReference; includeInIndex = 1; lastKnownFileType = text.xcconfig; name = "Pods-Weatherly-WeatherlyUITests.release.xcconfig"; path = "Target Support Files/Pods-Weatherly-WeatherlyUITests/Pods-Weatherly-WeatherlyUITests.release.xcconfig"; sourceTree = "<group>"; };
		5F0EC37C5B66524BEAAFB024 /* Pods-WeatherlyTests.release.xcconfig */ = {isa = PBXFileReference; includeInIndex = 1; lastKnownFileType = text.xcconfig; name = "Pods-WeatherlyTests.release.xcconfig"; path = "Target Support Files/Pods-WeatherlyTests/Pods-WeatherlyTests.release.xcconfig"; sourceTree = "<group>"; };
		69C14574CA107D06C60F3761 /* Pods-Weatherly-WeatherlyUITests.debug.xcconfig */ = {isa = PBXFileReference; includeInIndex = 1; lastKnownFileType = text.xcconfig; name = "Pods-Weatherly-WeatherlyUITests.debug.xcconfig"; path = "Target Support Files/Pods-Weatherly-WeatherlyUITests/Pods-Weatherly-WeatherlyUITests.debug.xcconfig"; sourceTree = "<group>"; };
		9C023AB588B50B30AE54FDE3 /* Pods_WeatherlyTests.framework */ = {isa = PBXFileReference; explicitFileType = wrapper.framework; includeInIndex = 0; path = Pods_WeatherlyTests.framework; sourceTree = BUILT_PRODUCTS_DIR; };
		9D18ECAD9ACE1E1FA007AC03 /* Pods-Weatherly.release.xcconfig */ = {isa = PBXFileReference; includeInIndex = 1; lastKnownFileType = text.xcconfig; name = "Pods-Weatherly.release.xcconfig"; path = "Target Support Files/Pods-Weatherly/Pods-Weatherly.release.xcconfig"; sourceTree = "<group>"; };
		9FFA779ABFDF50EB49025F04 /* Pods-Weatherly.debug.xcconfig */ = {isa = PBXFileReference; includeInIndex = 1; lastKnownFileType = text.xcconfig; name = "Pods-Weatherly.debug.xcconfig"; path = "Target Support Files/Pods-Weatherly/Pods-Weatherly.debug.xcconfig"; sourceTree = "<group>"; };
		D463B25E29DC70630039BF88 /* MainView.swift */ = {isa = PBXFileReference; lastKnownFileType = sourcecode.swift; path = MainView.swift; sourceTree = "<group>"; };
		D463B26029DC708B0039BF88 /* MainViewController.swift */ = {isa = PBXFileReference; lastKnownFileType = sourcecode.swift; path = MainViewController.swift; sourceTree = "<group>"; };
		D4970D7229E6C1E2009B0EFF /* CoreLocationController.swift */ = {isa = PBXFileReference; lastKnownFileType = sourcecode.swift; path = CoreLocationController.swift; sourceTree = "<group>"; };
		D4ED05C829D6F67E00027A01 /* Weatherly.app */ = {isa = PBXFileReference; explicitFileType = wrapper.application; includeInIndex = 0; path = Weatherly.app; sourceTree = BUILT_PRODUCTS_DIR; };
		D4ED05CB29D6F67E00027A01 /* AppDelegate.swift */ = {isa = PBXFileReference; lastKnownFileType = sourcecode.swift; path = AppDelegate.swift; sourceTree = "<group>"; };
		D4ED05CD29D6F67E00027A01 /* SceneDelegate.swift */ = {isa = PBXFileReference; lastKnownFileType = sourcecode.swift; path = SceneDelegate.swift; sourceTree = "<group>"; };
		D4ED05D429D6F68000027A01 /* Assets.xcassets */ = {isa = PBXFileReference; lastKnownFileType = folder.assetcatalog; path = Assets.xcassets; sourceTree = "<group>"; };
		D4ED05D729D6F68000027A01 /* Base */ = {isa = PBXFileReference; lastKnownFileType = file.storyboard; name = Base; path = Base.lproj/LaunchScreen.storyboard; sourceTree = "<group>"; };
		D4ED05D929D6F68000027A01 /* Info.plist */ = {isa = PBXFileReference; lastKnownFileType = text.plist.xml; path = Info.plist; sourceTree = "<group>"; };
		D4ED05DE29D6F68000027A01 /* WeatherlyTests.xctest */ = {isa = PBXFileReference; explicitFileType = wrapper.cfbundle; includeInIndex = 0; path = WeatherlyTests.xctest; sourceTree = BUILT_PRODUCTS_DIR; };
		D4ED05E229D6F68000027A01 /* WeatherlyTests.swift */ = {isa = PBXFileReference; lastKnownFileType = sourcecode.swift; path = WeatherlyTests.swift; sourceTree = "<group>"; };
		D4ED05E829D6F68000027A01 /* WeatherlyUITests.xctest */ = {isa = PBXFileReference; explicitFileType = wrapper.cfbundle; includeInIndex = 0; path = WeatherlyUITests.xctest; sourceTree = BUILT_PRODUCTS_DIR; };
		D4ED05EC29D6F68000027A01 /* WeatherlyUITests.swift */ = {isa = PBXFileReference; lastKnownFileType = sourcecode.swift; path = WeatherlyUITests.swift; sourceTree = "<group>"; };
		D4ED05EE29D6F68000027A01 /* WeatherlyUITestsLaunchTests.swift */ = {isa = PBXFileReference; lastKnownFileType = sourcecode.swift; path = WeatherlyUITestsLaunchTests.swift; sourceTree = "<group>"; };
		D4F4E35E29E2CEB3009BFEDB /* NetworkController.swift */ = {isa = PBXFileReference; lastKnownFileType = sourcecode.swift; path = NetworkController.swift; sourceTree = "<group>"; };
		D4F4E36029E2CEC5009BFEDB /* Weather.swift */ = {isa = PBXFileReference; lastKnownFileType = sourcecode.swift; path = Weather.swift; sourceTree = "<group>"; };
		D4F4E36729E57D28009BFEDB /* WeatherData.swift */ = {isa = PBXFileReference; lastKnownFileType = sourcecode.swift; path = WeatherData.swift; sourceTree = "<group>"; };
/* End PBXFileReference section */

/* Begin PBXFrameworksBuildPhase section */
		D4ED05C529D6F67E00027A01 /* Frameworks */ = {
			isa = PBXFrameworksBuildPhase;
			buildActionMask = 2147483647;
			files = (
				BA592D4F1AD792FE6E7D8C6C /* Pods_Weatherly.framework in Frameworks */,
			);
			runOnlyForDeploymentPostprocessing = 0;
		};
		D4ED05DB29D6F68000027A01 /* Frameworks */ = {
			isa = PBXFrameworksBuildPhase;
			buildActionMask = 2147483647;
			files = (
				3EF7561621C1B1E1D8950ACE /* Pods_WeatherlyTests.framework in Frameworks */,
			);
			runOnlyForDeploymentPostprocessing = 0;
		};
		D4ED05E529D6F68000027A01 /* Frameworks */ = {
			isa = PBXFrameworksBuildPhase;
			buildActionMask = 2147483647;
			files = (
				D7A45715A993E5837949B183 /* Pods_Weatherly_WeatherlyUITests.framework in Frameworks */,
			);
			runOnlyForDeploymentPostprocessing = 0;
		};
/* End PBXFrameworksBuildPhase section */

/* Begin PBXGroup section */
		3B6A1C300AC8A23A7B56DE88 /* Frameworks */ = {
			isa = PBXGroup;
			children = (
				067C254971421846DD203812 /* Pods_Weatherly.framework */,
				2CD53CDA197C701C6393D4EC /* Pods_Weatherly_WeatherlyUITests.framework */,
				9C023AB588B50B30AE54FDE3 /* Pods_WeatherlyTests.framework */,
			);
			name = Frameworks;
			sourceTree = "<group>";
		};
		768ACAE47F0025C2F9F746BC /* Pods */ = {
			isa = PBXGroup;
			children = (
				9FFA779ABFDF50EB49025F04 /* Pods-Weatherly.debug.xcconfig */,
				9D18ECAD9ACE1E1FA007AC03 /* Pods-Weatherly.release.xcconfig */,
				69C14574CA107D06C60F3761 /* Pods-Weatherly-WeatherlyUITests.debug.xcconfig */,
				35D51AACCEDBA5A0B5978713 /* Pods-Weatherly-WeatherlyUITests.release.xcconfig */,
				0EC6416DB5B0D42F71186684 /* Pods-WeatherlyTests.debug.xcconfig */,
				5F0EC37C5B66524BEAAFB024 /* Pods-WeatherlyTests.release.xcconfig */,
			);
			path = Pods;
			sourceTree = "<group>";
		};
		D463B25D29DC6FB10039BF88 /* Main */ = {
			isa = PBXGroup;
			children = (
				D4F4E35E29E2CEB3009BFEDB /* NetworkController.swift */,
				D463B25E29DC70630039BF88 /* MainView.swift */,
				D463B26029DC708B0039BF88 /* MainViewController.swift */,
				D4F4E36229E56F1E009BFEDB /* Model */,
				D4970D7229E6C1E2009B0EFF /* CoreLocationController.swift */,
			);
			path = Main;
			sourceTree = "<group>";
		};
		D4ED05BF29D6F67D00027A01 = {
			isa = PBXGroup;
			children = (
				D4ED05CA29D6F67E00027A01 /* Weatherly */,
				D4ED05E129D6F68000027A01 /* WeatherlyTests */,
				D4ED05EB29D6F68000027A01 /* WeatherlyUITests */,
				D4ED05C929D6F67E00027A01 /* Products */,
				768ACAE47F0025C2F9F746BC /* Pods */,
				3B6A1C300AC8A23A7B56DE88 /* Frameworks */,
			);
			sourceTree = "<group>";
		};
		D4ED05C929D6F67E00027A01 /* Products */ = {
			isa = PBXGroup;
			children = (
				D4ED05C829D6F67E00027A01 /* Weatherly.app */,
				D4ED05DE29D6F68000027A01 /* WeatherlyTests.xctest */,
				D4ED05E829D6F68000027A01 /* WeatherlyUITests.xctest */,
			);
			name = Products;
			sourceTree = "<group>";
		};
		D4ED05CA29D6F67E00027A01 /* Weatherly */ = {
			isa = PBXGroup;
			children = (
				D4ED05CB29D6F67E00027A01 /* AppDelegate.swift */,
				D4ED05CD29D6F67E00027A01 /* SceneDelegate.swift */,
				D4F4E36329E56F4F009BFEDB /* Resources */,
				D463B25D29DC6FB10039BF88 /* Main */,
			);
			path = Weatherly;
			sourceTree = "<group>";
		};
		D4ED05E129D6F68000027A01 /* WeatherlyTests */ = {
			isa = PBXGroup;
			children = (
				D4ED05E229D6F68000027A01 /* WeatherlyTests.swift */,
			);
			path = WeatherlyTests;
			sourceTree = "<group>";
		};
		D4ED05EB29D6F68000027A01 /* WeatherlyUITests */ = {
			isa = PBXGroup;
			children = (
				D4ED05EC29D6F68000027A01 /* WeatherlyUITests.swift */,
				D4ED05EE29D6F68000027A01 /* WeatherlyUITestsLaunchTests.swift */,
			);
			path = WeatherlyUITests;
			sourceTree = "<group>";
		};
		D4F4E36229E56F1E009BFEDB /* Model */ = {
			isa = PBXGroup;
			children = (
				D4F4E36029E2CEC5009BFEDB /* Weather.swift */,
				D4F4E36729E57D28009BFEDB /* WeatherData.swift */,
			);
			path = Model;
			sourceTree = "<group>";
		};
		D4F4E36329E56F4F009BFEDB /* Resources */ = {
			isa = PBXGroup;
			children = (
				D4ED05D429D6F68000027A01 /* Assets.xcassets */,
				D4ED05D629D6F68000027A01 /* LaunchScreen.storyboard */,
				D4ED05D929D6F68000027A01 /* Info.plist */,
			);
			path = Resources;
			sourceTree = "<group>";
		};
/* End PBXGroup section */

/* Begin PBXNativeTarget section */
		D4ED05C729D6F67E00027A01 /* Weatherly */ = {
			isa = PBXNativeTarget;
			buildConfigurationList = D4ED05F229D6F68000027A01 /* Build configuration list for PBXNativeTarget "Weatherly" */;
			buildPhases = (
				54FBC9F631F4F9DBFCF411B1 /* [CP] Check Pods Manifest.lock */,
				D4ED05C429D6F67E00027A01 /* Sources */,
				D4ED05C529D6F67E00027A01 /* Frameworks */,
				D4ED05C629D6F67E00027A01 /* Resources */,
				045EE7B1776D041AC1CE5186 /* [CP] Embed Pods Frameworks */,
			);
			buildRules = (
			);
			dependencies = (
			);
			name = Weatherly;
			productName = Weatherly;
			productReference = D4ED05C829D6F67E00027A01 /* Weatherly.app */;
			productType = "com.apple.product-type.application";
		};
		D4ED05DD29D6F68000027A01 /* WeatherlyTests */ = {
			isa = PBXNativeTarget;
			buildConfigurationList = D4ED05F529D6F68000027A01 /* Build configuration list for PBXNativeTarget "WeatherlyTests" */;
			buildPhases = (
				C544442196AB0BD863AD99A7 /* [CP] Check Pods Manifest.lock */,
				D4ED05DA29D6F68000027A01 /* Sources */,
				D4ED05DB29D6F68000027A01 /* Frameworks */,
				D4ED05DC29D6F68000027A01 /* Resources */,
			);
			buildRules = (
			);
			dependencies = (
				D4ED05E029D6F68000027A01 /* PBXTargetDependency */,
			);
			name = WeatherlyTests;
			productName = WeatherlyTests;
			productReference = D4ED05DE29D6F68000027A01 /* WeatherlyTests.xctest */;
			productType = "com.apple.product-type.bundle.unit-test";
		};
		D4ED05E729D6F68000027A01 /* WeatherlyUITests */ = {
			isa = PBXNativeTarget;
			buildConfigurationList = D4ED05F829D6F68000027A01 /* Build configuration list for PBXNativeTarget "WeatherlyUITests" */;
			buildPhases = (
				FB99CC57639E80E721B2FCB3 /* [CP] Check Pods Manifest.lock */,
				D4ED05E429D6F68000027A01 /* Sources */,
				D4ED05E529D6F68000027A01 /* Frameworks */,
				D4ED05E629D6F68000027A01 /* Resources */,
				056E01A10B8859F455982220 /* [CP] Embed Pods Frameworks */,
			);
			buildRules = (
			);
			dependencies = (
				D4ED05EA29D6F68000027A01 /* PBXTargetDependency */,
			);
			name = WeatherlyUITests;
			productName = WeatherlyUITests;
			productReference = D4ED05E829D6F68000027A01 /* WeatherlyUITests.xctest */;
			productType = "com.apple.product-type.bundle.ui-testing";
		};
/* End PBXNativeTarget section */

/* Begin PBXProject section */
		D4ED05C029D6F67D00027A01 /* Project object */ = {
			isa = PBXProject;
			attributes = {
				BuildIndependentTargetsInParallel = 1;
				LastSwiftUpdateCheck = 1420;
				LastUpgradeCheck = 1420;
				TargetAttributes = {
					D4ED05C729D6F67E00027A01 = {
						CreatedOnToolsVersion = 14.2;
					};
					D4ED05DD29D6F68000027A01 = {
						CreatedOnToolsVersion = 14.2;
						TestTargetID = D4ED05C729D6F67E00027A01;
					};
					D4ED05E729D6F68000027A01 = {
						CreatedOnToolsVersion = 14.2;
						TestTargetID = D4ED05C729D6F67E00027A01;
					};
				};
			};
			buildConfigurationList = D4ED05C329D6F67D00027A01 /* Build configuration list for PBXProject "Weatherly" */;
			compatibilityVersion = "Xcode 12.0";
			developmentRegion = en;
			hasScannedForEncodings = 0;
			knownRegions = (
				en,
				Base,
			);
			mainGroup = D4ED05BF29D6F67D00027A01;
			productRefGroup = D4ED05C929D6F67E00027A01 /* Products */;
			projectDirPath = "";
			projectRoot = "";
			targets = (
				D4ED05C729D6F67E00027A01 /* Weatherly */,
				D4ED05DD29D6F68000027A01 /* WeatherlyTests */,
				D4ED05E729D6F68000027A01 /* WeatherlyUITests */,
			);
		};
/* End PBXProject section */

/* Begin PBXResourcesBuildPhase section */
		D4ED05C629D6F67E00027A01 /* Resources */ = {
			isa = PBXResourcesBuildPhase;
			buildActionMask = 2147483647;
			files = (
				D4ED05D829D6F68000027A01 /* LaunchScreen.storyboard in Resources */,
				D4ED05D529D6F68000027A01 /* Assets.xcassets in Resources */,
			);
			runOnlyForDeploymentPostprocessing = 0;
		};
		D4ED05DC29D6F68000027A01 /* Resources */ = {
			isa = PBXResourcesBuildPhase;
			buildActionMask = 2147483647;
			files = (
			);
			runOnlyForDeploymentPostprocessing = 0;
		};
		D4ED05E629D6F68000027A01 /* Resources */ = {
			isa = PBXResourcesBuildPhase;
			buildActionMask = 2147483647;
			files = (
			);
			runOnlyForDeploymentPostprocessing = 0;
		};
/* End PBXResourcesBuildPhase section */

/* Begin PBXShellScriptBuildPhase section */
		045EE7B1776D041AC1CE5186 /* [CP] Embed Pods Frameworks */ = {
			isa = PBXShellScriptBuildPhase;
			buildActionMask = 2147483647;
			files = (
			);
			inputFileListPaths = (
				"${PODS_ROOT}/Target Support Files/Pods-Weatherly/Pods-Weatherly-frameworks-${CONFIGURATION}-input-files.xcfilelist",
			);
			name = "[CP] Embed Pods Frameworks";
			outputFileListPaths = (
				"${PODS_ROOT}/Target Support Files/Pods-Weatherly/Pods-Weatherly-frameworks-${CONFIGURATION}-output-files.xcfilelist",
			);
			runOnlyForDeploymentPostprocessing = 0;
			shellPath = /bin/sh;
			shellScript = "\"${PODS_ROOT}/Target Support Files/Pods-Weatherly/Pods-Weatherly-frameworks.sh\"\n";
			showEnvVarsInLog = 0;
		};
		056E01A10B8859F455982220 /* [CP] Embed Pods Frameworks */ = {
			isa = PBXShellScriptBuildPhase;
			buildActionMask = 2147483647;
			files = (
			);
			inputFileListPaths = (
				"${PODS_ROOT}/Target Support Files/Pods-Weatherly-WeatherlyUITests/Pods-Weatherly-WeatherlyUITests-frameworks-${CONFIGURATION}-input-files.xcfilelist",
			);
			name = "[CP] Embed Pods Frameworks";
			outputFileListPaths = (
				"${PODS_ROOT}/Target Support Files/Pods-Weatherly-WeatherlyUITests/Pods-Weatherly-WeatherlyUITests-frameworks-${CONFIGURATION}-output-files.xcfilelist",
			);
			runOnlyForDeploymentPostprocessing = 0;
			shellPath = /bin/sh;
			shellScript = "\"${PODS_ROOT}/Target Support Files/Pods-Weatherly-WeatherlyUITests/Pods-Weatherly-WeatherlyUITests-frameworks.sh\"\n";
			showEnvVarsInLog = 0;
		};
		54FBC9F631F4F9DBFCF411B1 /* [CP] Check Pods Manifest.lock */ = {
			isa = PBXShellScriptBuildPhase;
			buildActionMask = 2147483647;
			files = (
			);
			inputFileListPaths = (
			);
			inputPaths = (
				"${PODS_PODFILE_DIR_PATH}/Podfile.lock",
				"${PODS_ROOT}/Manifest.lock",
			);
			name = "[CP] Check Pods Manifest.lock";
			outputFileListPaths = (
			);
			outputPaths = (
				"$(DERIVED_FILE_DIR)/Pods-Weatherly-checkManifestLockResult.txt",
			);
			runOnlyForDeploymentPostprocessing = 0;
			shellPath = /bin/sh;
			shellScript = "diff \"${PODS_PODFILE_DIR_PATH}/Podfile.lock\" \"${PODS_ROOT}/Manifest.lock\" > /dev/null\nif [ $? != 0 ] ; then\n    # print error to STDERR\n    echo \"error: The sandbox is not in sync with the Podfile.lock. Run 'pod install' or update your CocoaPods installation.\" >&2\n    exit 1\nfi\n# This output is used by Xcode 'outputs' to avoid re-running this script phase.\necho \"SUCCESS\" > \"${SCRIPT_OUTPUT_FILE_0}\"\n";
			showEnvVarsInLog = 0;
		};
		C544442196AB0BD863AD99A7 /* [CP] Check Pods Manifest.lock */ = {
			isa = PBXShellScriptBuildPhase;
			buildActionMask = 2147483647;
			files = (
			);
			inputFileListPaths = (
			);
			inputPaths = (
				"${PODS_PODFILE_DIR_PATH}/Podfile.lock",
				"${PODS_ROOT}/Manifest.lock",
			);
			name = "[CP] Check Pods Manifest.lock";
			outputFileListPaths = (
			);
			outputPaths = (
				"$(DERIVED_FILE_DIR)/Pods-WeatherlyTests-checkManifestLockResult.txt",
			);
			runOnlyForDeploymentPostprocessing = 0;
			shellPath = /bin/sh;
			shellScript = "diff \"${PODS_PODFILE_DIR_PATH}/Podfile.lock\" \"${PODS_ROOT}/Manifest.lock\" > /dev/null\nif [ $? != 0 ] ; then\n    # print error to STDERR\n    echo \"error: The sandbox is not in sync with the Podfile.lock. Run 'pod install' or update your CocoaPods installation.\" >&2\n    exit 1\nfi\n# This output is used by Xcode 'outputs' to avoid re-running this script phase.\necho \"SUCCESS\" > \"${SCRIPT_OUTPUT_FILE_0}\"\n";
			showEnvVarsInLog = 0;
		};
		FB99CC57639E80E721B2FCB3 /* [CP] Check Pods Manifest.lock */ = {
			isa = PBXShellScriptBuildPhase;
			buildActionMask = 2147483647;
			files = (
			);
			inputFileListPaths = (
			);
			inputPaths = (
				"${PODS_PODFILE_DIR_PATH}/Podfile.lock",
				"${PODS_ROOT}/Manifest.lock",
			);
			name = "[CP] Check Pods Manifest.lock";
			outputFileListPaths = (
			);
			outputPaths = (
				"$(DERIVED_FILE_DIR)/Pods-Weatherly-WeatherlyUITests-checkManifestLockResult.txt",
			);
			runOnlyForDeploymentPostprocessing = 0;
			shellPath = /bin/sh;
			shellScript = "diff \"${PODS_PODFILE_DIR_PATH}/Podfile.lock\" \"${PODS_ROOT}/Manifest.lock\" > /dev/null\nif [ $? != 0 ] ; then\n    # print error to STDERR\n    echo \"error: The sandbox is not in sync with the Podfile.lock. Run 'pod install' or update your CocoaPods installation.\" >&2\n    exit 1\nfi\n# This output is used by Xcode 'outputs' to avoid re-running this script phase.\necho \"SUCCESS\" > \"${SCRIPT_OUTPUT_FILE_0}\"\n";
			showEnvVarsInLog = 0;
		};
/* End PBXShellScriptBuildPhase section */

/* Begin PBXSourcesBuildPhase section */
		D4ED05C429D6F67E00027A01 /* Sources */ = {
			isa = PBXSourcesBuildPhase;
			buildActionMask = 2147483647;
			files = (
				D4F4E35F29E2CEB3009BFEDB /* NetworkController.swift in Sources */,
				D463B25F29DC70630039BF88 /* MainView.swift in Sources */,
				D4ED05CC29D6F67E00027A01 /* AppDelegate.swift in Sources */,
				D4ED05CE29D6F67E00027A01 /* SceneDelegate.swift in Sources */,
				D4F4E36129E2CEC5009BFEDB /* Weather.swift in Sources */,
				D4970D7329E6C1E2009B0EFF /* CoreLocationController.swift in Sources */,
				D4F4E36829E57D28009BFEDB /* WeatherData.swift in Sources */,
				D463B26129DC708B0039BF88 /* MainViewController.swift in Sources */,
			);
			runOnlyForDeploymentPostprocessing = 0;
		};
		D4ED05DA29D6F68000027A01 /* Sources */ = {
			isa = PBXSourcesBuildPhase;
			buildActionMask = 2147483647;
			files = (
				D4ED05E329D6F68000027A01 /* WeatherlyTests.swift in Sources */,
			);
			runOnlyForDeploymentPostprocessing = 0;
		};
		D4ED05E429D6F68000027A01 /* Sources */ = {
			isa = PBXSourcesBuildPhase;
			buildActionMask = 2147483647;
			files = (
				D4ED05EF29D6F68000027A01 /* WeatherlyUITestsLaunchTests.swift in Sources */,
				D4ED05ED29D6F68000027A01 /* WeatherlyUITests.swift in Sources */,
			);
			runOnlyForDeploymentPostprocessing = 0;
		};
/* End PBXSourcesBuildPhase section */

/* Begin PBXTargetDependency section */
		D4ED05E029D6F68000027A01 /* PBXTargetDependency */ = {
			isa = PBXTargetDependency;
			target = D4ED05C729D6F67E00027A01 /* Weatherly */;
			targetProxy = D4ED05DF29D6F68000027A01 /* PBXContainerItemProxy */;
		};
		D4ED05EA29D6F68000027A01 /* PBXTargetDependency */ = {
			isa = PBXTargetDependency;
			target = D4ED05C729D6F67E00027A01 /* Weatherly */;
			targetProxy = D4ED05E929D6F68000027A01 /* PBXContainerItemProxy */;
		};
/* End PBXTargetDependency section */

/* Begin PBXVariantGroup section */
		D4ED05D629D6F68000027A01 /* LaunchScreen.storyboard */ = {
			isa = PBXVariantGroup;
			children = (
				D4ED05D729D6F68000027A01 /* Base */,
			);
			name = LaunchScreen.storyboard;
			sourceTree = "<group>";
		};
/* End PBXVariantGroup section */

/* Begin XCBuildConfiguration section */
		D4ED05F029D6F68000027A01 /* Debug */ = {
			isa = XCBuildConfiguration;
			buildSettings = {
				ALWAYS_SEARCH_USER_PATHS = NO;
				CLANG_ANALYZER_NONNULL = YES;
				CLANG_ANALYZER_NUMBER_OBJECT_CONVERSION = YES_AGGRESSIVE;
				CLANG_CXX_LANGUAGE_STANDARD = "gnu++20";
				CLANG_ENABLE_MODULES = YES;
				CLANG_ENABLE_OBJC_ARC = YES;
				CLANG_ENABLE_OBJC_WEAK = YES;
				CLANG_WARN_BLOCK_CAPTURE_AUTORELEASING = YES;
				CLANG_WARN_BOOL_CONVERSION = YES;
				CLANG_WARN_COMMA = YES;
				CLANG_WARN_CONSTANT_CONVERSION = YES;
				CLANG_WARN_DEPRECATED_OBJC_IMPLEMENTATIONS = YES;
				CLANG_WARN_DIRECT_OBJC_ISA_USAGE = YES_ERROR;
				CLANG_WARN_DOCUMENTATION_COMMENTS = YES;
				CLANG_WARN_EMPTY_BODY = YES;
				CLANG_WARN_ENUM_CONVERSION = YES;
				CLANG_WARN_INFINITE_RECURSION = YES;
				CLANG_WARN_INT_CONVERSION = YES;
				CLANG_WARN_NON_LITERAL_NULL_CONVERSION = YES;
				CLANG_WARN_OBJC_IMPLICIT_RETAIN_SELF = YES;
				CLANG_WARN_OBJC_LITERAL_CONVERSION = YES;
				CLANG_WARN_OBJC_ROOT_CLASS = YES_ERROR;
				CLANG_WARN_QUOTED_INCLUDE_IN_FRAMEWORK_HEADER = YES;
				CLANG_WARN_RANGE_LOOP_ANALYSIS = YES;
				CLANG_WARN_STRICT_PROTOTYPES = YES;
				CLANG_WARN_SUSPICIOUS_MOVE = YES;
				CLANG_WARN_UNGUARDED_AVAILABILITY = YES_AGGRESSIVE;
				CLANG_WARN_UNREACHABLE_CODE = YES;
				CLANG_WARN__DUPLICATE_METHOD_MATCH = YES;
				COPY_PHASE_STRIP = NO;
				DEBUG_INFORMATION_FORMAT = dwarf;
				ENABLE_STRICT_OBJC_MSGSEND = YES;
				ENABLE_TESTABILITY = YES;
				GCC_C_LANGUAGE_STANDARD = gnu11;
				GCC_DYNAMIC_NO_PIC = NO;
				GCC_NO_COMMON_BLOCKS = YES;
				GCC_OPTIMIZATION_LEVEL = 0;
				GCC_PREPROCESSOR_DEFINITIONS = (
					"DEBUG=1",
					"$(inherited)",
				);
				GCC_WARN_64_TO_32_BIT_CONVERSION = YES;
				GCC_WARN_ABOUT_RETURN_TYPE = YES_ERROR;
				GCC_WARN_UNDECLARED_SELECTOR = YES;
				GCC_WARN_UNINITIALIZED_AUTOS = YES_AGGRESSIVE;
				GCC_WARN_UNUSED_FUNCTION = YES;
				GCC_WARN_UNUSED_VARIABLE = YES;
				IPHONEOS_DEPLOYMENT_TARGET = 16.2;
				MTL_ENABLE_DEBUG_INFO = INCLUDE_SOURCE;
				MTL_FAST_MATH = YES;
				ONLY_ACTIVE_ARCH = YES;
				SDKROOT = iphoneos;
				SWIFT_ACTIVE_COMPILATION_CONDITIONS = DEBUG;
				SWIFT_OPTIMIZATION_LEVEL = "-Onone";
			};
			name = Debug;
		};
		D4ED05F129D6F68000027A01 /* Release */ = {
			isa = XCBuildConfiguration;
			buildSettings = {
				ALWAYS_SEARCH_USER_PATHS = NO;
				CLANG_ANALYZER_NONNULL = YES;
				CLANG_ANALYZER_NUMBER_OBJECT_CONVERSION = YES_AGGRESSIVE;
				CLANG_CXX_LANGUAGE_STANDARD = "gnu++20";
				CLANG_ENABLE_MODULES = YES;
				CLANG_ENABLE_OBJC_ARC = YES;
				CLANG_ENABLE_OBJC_WEAK = YES;
				CLANG_WARN_BLOCK_CAPTURE_AUTORELEASING = YES;
				CLANG_WARN_BOOL_CONVERSION = YES;
				CLANG_WARN_COMMA = YES;
				CLANG_WARN_CONSTANT_CONVERSION = YES;
				CLANG_WARN_DEPRECATED_OBJC_IMPLEMENTATIONS = YES;
				CLANG_WARN_DIRECT_OBJC_ISA_USAGE = YES_ERROR;
				CLANG_WARN_DOCUMENTATION_COMMENTS = YES;
				CLANG_WARN_EMPTY_BODY = YES;
				CLANG_WARN_ENUM_CONVERSION = YES;
				CLANG_WARN_INFINITE_RECURSION = YES;
				CLANG_WARN_INT_CONVERSION = YES;
				CLANG_WARN_NON_LITERAL_NULL_CONVERSION = YES;
				CLANG_WARN_OBJC_IMPLICIT_RETAIN_SELF = YES;
				CLANG_WARN_OBJC_LITERAL_CONVERSION = YES;
				CLANG_WARN_OBJC_ROOT_CLASS = YES_ERROR;
				CLANG_WARN_QUOTED_INCLUDE_IN_FRAMEWORK_HEADER = YES;
				CLANG_WARN_RANGE_LOOP_ANALYSIS = YES;
				CLANG_WARN_STRICT_PROTOTYPES = YES;
				CLANG_WARN_SUSPICIOUS_MOVE = YES;
				CLANG_WARN_UNGUARDED_AVAILABILITY = YES_AGGRESSIVE;
				CLANG_WARN_UNREACHABLE_CODE = YES;
				CLANG_WARN__DUPLICATE_METHOD_MATCH = YES;
				COPY_PHASE_STRIP = NO;
				DEBUG_INFORMATION_FORMAT = "dwarf-with-dsym";
				ENABLE_NS_ASSERTIONS = NO;
				ENABLE_STRICT_OBJC_MSGSEND = YES;
				GCC_C_LANGUAGE_STANDARD = gnu11;
				GCC_NO_COMMON_BLOCKS = YES;
				GCC_WARN_64_TO_32_BIT_CONVERSION = YES;
				GCC_WARN_ABOUT_RETURN_TYPE = YES_ERROR;
				GCC_WARN_UNDECLARED_SELECTOR = YES;
				GCC_WARN_UNINITIALIZED_AUTOS = YES_AGGRESSIVE;
				GCC_WARN_UNUSED_FUNCTION = YES;
				GCC_WARN_UNUSED_VARIABLE = YES;
				IPHONEOS_DEPLOYMENT_TARGET = 16.2;
				MTL_ENABLE_DEBUG_INFO = NO;
				MTL_FAST_MATH = YES;
				SDKROOT = iphoneos;
				SWIFT_COMPILATION_MODE = wholemodule;
				SWIFT_OPTIMIZATION_LEVEL = "-O";
				VALIDATE_PRODUCT = YES;
			};
			name = Release;
		};
		D4ED05F329D6F68000027A01 /* Debug */ = {
			isa = XCBuildConfiguration;
			baseConfigurationReference = 9FFA779ABFDF50EB49025F04 /* Pods-Weatherly.debug.xcconfig */;
			buildSettings = {
				ASSETCATALOG_COMPILER_APPICON_NAME = AppIcon;
				ASSETCATALOG_COMPILER_GLOBAL_ACCENT_COLOR_NAME = AccentColor;
				CODE_SIGN_STYLE = Automatic;
				CURRENT_PROJECT_VERSION = 1;
				DEVELOPMENT_TEAM = 3W4HYVNP5N;
				GENERATE_INFOPLIST_FILE = YES;
				INFOPLIST_FILE = Weatherly/Resources/Info.plist;
				INFOPLIST_KEY_UIApplicationSupportsIndirectInputEvents = YES;
				INFOPLIST_KEY_UILaunchStoryboardName = LaunchScreen;
				INFOPLIST_KEY_UISupportedInterfaceOrientations_iPad = "UIInterfaceOrientationPortrait UIInterfaceOrientationPortraitUpsideDown UIInterfaceOrientationLandscapeLeft UIInterfaceOrientationLandscapeRight";
				INFOPLIST_KEY_UISupportedInterfaceOrientations_iPhone = "UIInterfaceOrientationPortrait UIInterfaceOrientationLandscapeLeft UIInterfaceOrientationLandscapeRight";
				LD_RUNPATH_SEARCH_PATHS = (
					"$(inherited)",
					"@executable_path/Frameworks",
				);
				MARKETING_VERSION = 1.0;
				PRODUCT_BUNDLE_IDENTIFIER = com.example.Weatherly;
				PRODUCT_NAME = "$(TARGET_NAME)";
				SWIFT_EMIT_LOC_STRINGS = YES;
				SWIFT_VERSION = 5.0;
				TARGETED_DEVICE_FAMILY = "1,2";
			};
			name = Debug;
		};
		D4ED05F429D6F68000027A01 /* Release */ = {
			isa = XCBuildConfiguration;
			baseConfigurationReference = 9D18ECAD9ACE1E1FA007AC03 /* Pods-Weatherly.release.xcconfig */;
			buildSettings = {
				ASSETCATALOG_COMPILER_APPICON_NAME = AppIcon;
				ASSETCATALOG_COMPILER_GLOBAL_ACCENT_COLOR_NAME = AccentColor;
				CODE_SIGN_STYLE = Automatic;
				CURRENT_PROJECT_VERSION = 1;
				DEVELOPMENT_TEAM = 3W4HYVNP5N;
				GENERATE_INFOPLIST_FILE = YES;
				INFOPLIST_FILE = Weatherly/Resources/Info.plist;
				INFOPLIST_KEY_UIApplicationSupportsIndirectInputEvents = YES;
				INFOPLIST_KEY_UILaunchStoryboardName = LaunchScreen;
				INFOPLIST_KEY_UISupportedInterfaceOrientations_iPad = "UIInterfaceOrientationPortrait UIInterfaceOrientationPortraitUpsideDown UIInterfaceOrientationLandscapeLeft UIInterfaceOrientationLandscapeRight";
				INFOPLIST_KEY_UISupportedInterfaceOrientations_iPhone = "UIInterfaceOrientationPortrait UIInterfaceOrientationLandscapeLeft UIInterfaceOrientationLandscapeRight";
				LD_RUNPATH_SEARCH_PATHS = (
					"$(inherited)",
					"@executable_path/Frameworks",
				);
				MARKETING_VERSION = 1.0;
				PRODUCT_BUNDLE_IDENTIFIER = com.example.Weatherly;
				PRODUCT_NAME = "$(TARGET_NAME)";
				SWIFT_EMIT_LOC_STRINGS = YES;
				SWIFT_VERSION = 5.0;
				TARGETED_DEVICE_FAMILY = "1,2";
			};
			name = Release;
		};
		D4ED05F629D6F68000027A01 /* Debug */ = {
			isa = XCBuildConfiguration;
			baseConfigurationReference = 0EC6416DB5B0D42F71186684 /* Pods-WeatherlyTests.debug.xcconfig */;
			buildSettings = {
				ALWAYS_EMBED_SWIFT_STANDARD_LIBRARIES = YES;
				BUNDLE_LOADER = "$(TEST_HOST)";
				CODE_SIGN_STYLE = Automatic;
				CURRENT_PROJECT_VERSION = 1;
				DEVELOPMENT_TEAM = 3W4HYVNP5N;
				GENERATE_INFOPLIST_FILE = YES;
				IPHONEOS_DEPLOYMENT_TARGET = 16.2;
				MARKETING_VERSION = 1.0;
				PRODUCT_BUNDLE_IDENTIFIER = com.example.WeatherlyTests;
				PRODUCT_NAME = "$(TARGET_NAME)";
				SWIFT_EMIT_LOC_STRINGS = NO;
				SWIFT_VERSION = 5.0;
				TARGETED_DEVICE_FAMILY = "1,2";
				TEST_HOST = "$(BUILT_PRODUCTS_DIR)/Weatherly.app/$(BUNDLE_EXECUTABLE_FOLDER_PATH)/Weatherly";
			};
			name = Debug;
		};
		D4ED05F729D6F68000027A01 /* Release */ = {
			isa = XCBuildConfiguration;
			baseConfigurationReference = 5F0EC37C5B66524BEAAFB024 /* Pods-WeatherlyTests.release.xcconfig */;
			buildSettings = {
				ALWAYS_EMBED_SWIFT_STANDARD_LIBRARIES = YES;
				BUNDLE_LOADER = "$(TEST_HOST)";
				CODE_SIGN_STYLE = Automatic;
				CURRENT_PROJECT_VERSION = 1;
				DEVELOPMENT_TEAM = 3W4HYVNP5N;
				GENERATE_INFOPLIST_FILE = YES;
				IPHONEOS_DEPLOYMENT_TARGET = 16.2;
				MARKETING_VERSION = 1.0;
				PRODUCT_BUNDLE_IDENTIFIER = com.example.WeatherlyTests;
				PRODUCT_NAME = "$(TARGET_NAME)";
				SWIFT_EMIT_LOC_STRINGS = NO;
				SWIFT_VERSION = 5.0;
				TARGETED_DEVICE_FAMILY = "1,2";
				TEST_HOST = "$(BUILT_PRODUCTS_DIR)/Weatherly.app/$(BUNDLE_EXECUTABLE_FOLDER_PATH)/Weatherly";
			};
			name = Release;
		};
		D4ED05F929D6F68000027A01 /* Debug */ = {
			isa = XCBuildConfiguration;
			baseConfigurationReference = 69C14574CA107D06C60F3761 /* Pods-Weatherly-WeatherlyUITests.debug.xcconfig */;
			buildSettings = {
				ALWAYS_EMBED_SWIFT_STANDARD_LIBRARIES = YES;
				CODE_SIGN_STYLE = Automatic;
				CURRENT_PROJECT_VERSION = 1;
				DEVELOPMENT_TEAM = 3W4HYVNP5N;
				GENERATE_INFOPLIST_FILE = YES;
				MARKETING_VERSION = 1.0;
				PRODUCT_BUNDLE_IDENTIFIER = com.example.WeatherlyUITests;
				PRODUCT_NAME = "$(TARGET_NAME)";
				SWIFT_EMIT_LOC_STRINGS = NO;
				SWIFT_VERSION = 5.0;
				TARGETED_DEVICE_FAMILY = "1,2";
				TEST_TARGET_NAME = Weatherly;
			};
			name = Debug;
		};
		D4ED05FA29D6F68000027A01 /* Release */ = {
			isa = XCBuildConfiguration;
			baseConfigurationReference = 35D51AACCEDBA5A0B5978713 /* Pods-Weatherly-WeatherlyUITests.release.xcconfig */;
			buildSettings = {
				ALWAYS_EMBED_SWIFT_STANDARD_LIBRARIES = YES;
				CODE_SIGN_STYLE = Automatic;
				CURRENT_PROJECT_VERSION = 1;
				DEVELOPMENT_TEAM = 3W4HYVNP5N;
				GENERATE_INFOPLIST_FILE = YES;
				MARKETING_VERSION = 1.0;
				PRODUCT_BUNDLE_IDENTIFIER = com.example.WeatherlyUITests;
				PRODUCT_NAME = "$(TARGET_NAME)";
				SWIFT_EMIT_LOC_STRINGS = NO;
				SWIFT_VERSION = 5.0;
				TARGETED_DEVICE_FAMILY = "1,2";
				TEST_TARGET_NAME = Weatherly;
			};
			name = Release;
		};
/* End XCBuildConfiguration section */

/* Begin XCConfigurationList section */
		D4ED05C329D6F67D00027A01 /* Build configuration list for PBXProject "Weatherly" */ = {
			isa = XCConfigurationList;
			buildConfigurations = (
				D4ED05F029D6F68000027A01 /* Debug */,
				D4ED05F129D6F68000027A01 /* Release */,
			);
			defaultConfigurationIsVisible = 0;
			defaultConfigurationName = Release;
		};
		D4ED05F229D6F68000027A01 /* Build configuration list for PBXNativeTarget "Weatherly" */ = {
			isa = XCConfigurationList;
			buildConfigurations = (
				D4ED05F329D6F68000027A01 /* Debug */,
				D4ED05F429D6F68000027A01 /* Release */,
			);
			defaultConfigurationIsVisible = 0;
			defaultConfigurationName = Release;
		};
		D4ED05F529D6F68000027A01 /* Build configuration list for PBXNativeTarget "WeatherlyTests" */ = {
			isa = XCConfigurationList;
			buildConfigurations = (
				D4ED05F629D6F68000027A01 /* Debug */,
				D4ED05F729D6F68000027A01 /* Release */,
			);
			defaultConfigurationIsVisible = 0;
			defaultConfigurationName = Release;
		};
		D4ED05F829D6F68000027A01 /* Build configuration list for PBXNativeTarget "WeatherlyUITests" */ = {
			isa = XCConfigurationList;
			buildConfigurations = (
				D4ED05F929D6F68000027A01 /* Debug */,
				D4ED05FA29D6F68000027A01 /* Release */,
			);
			defaultConfigurationIsVisible = 0;
			defaultConfigurationName = Release;
		};
/* End XCConfigurationList section */
	};
	rootObject = D4ED05C029D6F67D00027A01 /* Project object */;
}
